
Microsoft Visual Studio Solution File, Format Version 12.00
# Visual Studio Version 17
VisualStudioVersion = 17.13.35825.156 d17.13
MinimumVisualStudioVersion = 10.0.40219.1
Project("{FAE04EC0-301F-11D3-BF4B-00C04F79EFBC}") = "LoginRegisterApp", "LoginRegisterApp\LoginRegisterApp.csproj", "{5BCCC28D-F4B6-4917-A025-3A3DC5C15BD9}"
EndProject
Global
	GlobalSection(SolutionConfigurationPlatforms) = preSolution
		Debug|Any CPU = Debug|Any CPU
		Release|Any CPU = Release|Any CPU
	EndGlobalSection
	GlobalSection(ProjectConfigurationPlatforms) = postSolution
		{5BCCC28D-F4B6-4917-A025-3A3DC5C15BD9}.Debug|Any CPU.ActiveCfg = Debug|Any CPU
		{5BCCC28D-F4B6-4917-A025-3A3DC5C15BD9}.Debug|Any CPU.Build.0 = Debug|Any CPU
		{5BCCC28D-F4B6-4917-A025-3A3DC5C15BD9}.Release|Any CPU.ActiveCfg = Release|Any CPU
		{5BCCC28D-F4B6-4917-A025-3A3DC5C15BD9}.Release|Any CPU.Build.0 = Release|Any CPU
	EndGlobalSection
	GlobalSection(SolutionProperties) = preSolution
		HideSolutionNode = FALSE
	EndGlobalSection
	GlobalSection(ExtensibilityGlobals) = postSolution
		SolutionGuid = {4C8FE4C1-8686-43D5-951B-9CBCFA78016D}
	EndGlobalSection
EndGlobal
